// !$*UTF8*$!
{
	archiveVersion = 1;
	classes = {
	};
	objectVersion = 55;
	objects = {

/* Begin PBXBuildFile section */
		34BD41752836EBF200EE59BF /* AppDelegate.swift in Sources */ = {isa = PBXBuildFile; fileRef = 34BD41742836EBF200EE59BF /* AppDelegate.swift */; };
		34BD41772836EBF200EE59BF /* SceneDelegate.swift in Sources */ = {isa = PBXBuildFile; fileRef = 34BD41762836EBF200EE59BF /* SceneDelegate.swift */; };
		34BD41792836EBF200EE59BF /* ViewController.swift in Sources */ = {isa = PBXBuildFile; fileRef = 34BD41782836EBF200EE59BF /* ViewController.swift */; };
		34BD417E2836EBF300EE59BF /* Assets.xcassets in Resources */ = {isa = PBXBuildFile; fileRef = 34BD417D2836EBF300EE59BF /* Assets.xcassets */; };
		34BD41812836EBF300EE59BF /* LaunchScreen.storyboard in Resources */ = {isa = PBXBuildFile; fileRef = 34BD417F2836EBF300EE59BF /* LaunchScreen.storyboard */; };
		34BD41892836EC1900EE59BF /* ProfileView.swift in Sources */ = {isa = PBXBuildFile; fileRef = 34BD41882836EC1900EE59BF /* ProfileView.swift */; };
		34BD418B2836EC5100EE59BF /* ProfileView.xib in Resources */ = {isa = PBXBuildFile; fileRef = 34BD418A2836EC5000EE59BF /* ProfileView.xib */; };
		34BD418D2836F3E000EE59BF /* Profile.storyboard in Resources */ = {isa = PBXBuildFile; fileRef = 34BD418C2836F3E000EE59BF /* Profile.storyboard */; };
		34BD418F2836F55B00EE59BF /* ProfileViewController.swift in Sources */ = {isa = PBXBuildFile; fileRef = 34BD418E2836F55B00EE59BF /* ProfileViewController.swift */; };
/* End PBXBuildFile section */

/* Begin PBXFileReference section */
		34BD41712836EBF200EE59BF /* Netology_IB_Instruments.app */ = {isa = PBXFileReference; explicitFileType = wrapper.application; includeInIndex = 0; path = Netology_IB_Instruments.app; sourceTree = BUILT_PRODUCTS_DIR; };
		34BD41742836EBF200EE59BF /* AppDelegate.swift */ = {isa = PBXFileReference; lastKnownFileType = sourcecode.swift; path = AppDelegate.swift; sourceTree = "<group>"; };
		34BD41762836EBF200EE59BF /* SceneDelegate.swift */ = {isa = PBXFileReference; lastKnownFileType = sourcecode.swift; path = SceneDelegate.swift; sourceTree = "<group>"; };
		34BD41782836EBF200EE59BF /* ViewController.swift */ = {isa = PBXFileReference; lastKnownFileType = sourcecode.swift; path = ViewController.swift; sourceTree = "<group>"; };
		34BD417D2836EBF300EE59BF /* Assets.xcassets */ = {isa = PBXFileReference; lastKnownFileType = folder.assetcatalog; path = Assets.xcassets; sourceTree = "<group>"; };
		34BD41802836EBF300EE59BF /* Base */ = {isa = PBXFileReference; lastKnownFileType = file.storyboard; name = Base; path = Base.lproj/LaunchScreen.storyboard; sourceTree = "<group>"; };
		34BD41822836EBF300EE59BF /* Info.plist */ = {isa = PBXFileReference; lastKnownFileType = text.plist.xml; path = Info.plist; sourceTree = "<group>"; };
		34BD41882836EC1900EE59BF /* ProfileView.swift */ = {isa = PBXFileReference; lastKnownFileType = sourcecode.swift; path = ProfileView.swift; sourceTree = "<group>"; };
		34BD418A2836EC5000EE59BF /* ProfileView.xib */ = {isa = PBXFileReference; lastKnownFileType = file.xib; path = ProfileView.xib; sourceTree = "<group>"; };
		34BD418C2836F3E000EE59BF /* Profile.storyboard */ = {isa = PBXFileReference; lastKnownFileType = file.storyboard; path = Profile.storyboard; sourceTree = "<group>"; };
		34BD418E2836F55B00EE59BF /* ProfileViewController.swift */ = {isa = PBXFileReference; lastKnownFileType = sourcecode.swift; path = ProfileViewController.swift; sourceTree = "<group>"; };
/* End PBXFileReference section */

/* Begin PBXFrameworksBuildPhase section */
		34BD416E2836EBF200EE59BF /* Frameworks */ = {
			isa = PBXFrameworksBuildPhase;
			buildActionMask = 2147483647;
			files = (
			);
			runOnlyForDeploymentPostprocessing = 0;
		};
/* End PBXFrameworksBuildPhase section */

/* Begin PBXGroup section */
		34BD41682836EBF200EE59BF = {
			isa = PBXGroup;
			children = (
				34BD41732836EBF200EE59BF /* Netology_IB_Instruments */,
				34BD41722836EBF200EE59BF /* Products */,
			);
			sourceTree = "<group>";
		};
		34BD41722836EBF200EE59BF /* Products */ = {
			isa = PBXGroup;
			children = (
				34BD41712836EBF200EE59BF /* Netology_IB_Instruments.app */,
			);
			name = Products;
			sourceTree = "<group>";
		};
		34BD41732836EBF200EE59BF /* Netology_IB_Instruments */ = {
			isa = PBXGroup;
			children = (
				34BD418E2836F55B00EE59BF /* ProfileViewController.swift */,
				34BD418A2836EC5000EE59BF /* ProfileView.xib */,
				34BD41882836EC1900EE59BF /* ProfileView.swift */,
				34BD418C2836F3E000EE59BF /* Profile.storyboard */,
				34BD41742836EBF200EE59BF /* AppDelegate.swift */,
				34BD41762836EBF200EE59BF /* SceneDelegate.swift */,
				34BD41782836EBF200EE59BF /* ViewController.swift */,
				34BD417D2836EBF300EE59BF /* Assets.xcassets */,
				34BD417F2836EBF300EE59BF /* LaunchScreen.storyboard */,
				34BD41822836EBF300EE59BF /* Info.plist */,
			);
			path = Netology_IB_Instruments;
			sourceTree = "<group>";
		};
/* End PBXGroup section */

/* Begin PBXNativeTarget section */
		34BD41702836EBF200EE59BF /* Netology_IB_Instruments */ = {
			isa = PBXNativeTarget;
			buildConfigurationList = 34BD41852836EBF300EE59BF /* Build configuration list for PBXNativeTarget "Netology_IB_Instruments" */;
			buildPhases = (
				34BD416D2836EBF200EE59BF /* Sources */,
				34BD416E2836EBF200EE59BF /* Frameworks */,
				34BD416F2836EBF200EE59BF /* Resources */,
			);
			buildRules = (
			);
			dependencies = (
			);
			name = Netology_IB_Instruments;
			productName = Netology_IB_Instruments;
			productReference = 34BD41712836EBF200EE59BF /* Netology_IB_Instruments.app */;
			productType = "com.apple.product-type.application";
		};
/* End PBXNativeTarget section */

/* Begin PBXProject section */
		34BD41692836EBF200EE59BF /* Project object */ = {
			isa = PBXProject;
			attributes = {
				BuildIndependentTargetsInParallel = 1;
				LastSwiftUpdateCheck = 1320;
				LastUpgradeCheck = 1320;
				TargetAttributes = {
					34BD41702836EBF200EE59BF = {
						CreatedOnToolsVersion = 13.2.1;
					};
				};
			};
			buildConfigurationList = 34BD416C2836EBF200EE59BF /* Build configuration list for PBXProject "Netology_IB_Instruments" */;
			compatibilityVersion = "Xcode 13.0";
			developmentRegion = en;
			hasScannedForEncodings = 0;
			knownRegions = (
				en,
				Base,
			);
			mainGroup = 34BD41682836EBF200EE59BF;
			productRefGroup = 34BD41722836EBF200EE59BF /* Products */;
			projectDirPath = "";
			projectRoot = "";
			targets = (
				34BD41702836EBF200EE59BF /* Netology_IB_Instruments */,
			);
		};
/* End PBXProject section */

/* Begin PBXResourcesBuildPhase section */
		34BD416F2836EBF200EE59BF /* Resources */ = {
			isa = PBXResourcesBuildPhase;
			buildActionMask = 2147483647;
			files = (
				34BD418B2836EC5100EE59BF /* ProfileView.xib in Resources */,
				34BD41812836EBF300EE59BF /* LaunchScreen.storyboard in Resources */,
				34BD418D2836F3E000EE59BF /* Profile.storyboard in Resources */,
				34BD417E2836EBF300EE59BF /* Assets.xcassets in Resources */,
			);
			runOnlyForDeploymentPostprocessing = 0;
		};
/* End PBXResourcesBuildPhase section */

/* Begin PBXSourcesBuildPhase section */
		34BD416D2836EBF200EE59BF /* Sources */ = {
			isa = PBXSourcesBuildPhase;
			buildActionMask = 2147483647;
			files = (
				34BD41892836EC1900EE59BF /* ProfileView.swift in Sources */,
				34BD41792836EBF200EE59BF /* ViewController.swift in Sources */,
				34BD418F2836F55B00EE59BF /* ProfileViewController.swift in Sources */,
				34BD41752836EBF200EE59BF /* AppDelegate.swift in Sources */,
				34BD41772836EBF200EE59BF /* SceneDelegate.swift in Sources */,
			);
			runOnlyForDeploymentPostprocessing = 0;
		};
/* End PBXSourcesBuildPhase section */

/* Begin PBXVariantGroup section */
		34BD417F2836EBF300EE59BF /* LaunchScreen.storyboard */ = {
			isa = PBXVariantGroup;
			children = (
				34BD41802836EBF300EE59BF /* Base */,
			);
			name = LaunchScreen.storyboard;
			sourceTree = "<group>";
		};
/* End PBXVariantGroup section */

/* Begin XCBuildConfiguration section */
		34BD41832836EBF300EE59BF /* Debug */ = {
			isa = XCBuildConfiguration;
			buildSettings = {
				ALWAYS_SEARCH_USER_PATHS = NO;
				CLANG_ANALYZER_NONNULL = YES;
				CLANG_ANALYZER_NUMBER_OBJECT_CONVERSION = YES_AGGRESSIVE;
				CLANG_CXX_LANGUAGE_STANDARD = "gnu++17";
				CLANG_CXX_LIBRARY = "libc++";
				CLANG_ENABLE_MODULES = YES;
				CLANG_ENABLE_OBJC_ARC = YES;
				CLANG_ENABLE_OBJC_WEAK = YES;
				CLANG_WARN_BLOCK_CAPTURE_AUTORELEASING = YES;
				CLANG_WARN_BOOL_CONVERSION = YES;
				CLANG_WARN_COMMA = YES;
				CLANG_WARN_CONSTANT_CONVERSION = YES;
				CLANG_WARN_DEPRECATED_OBJC_IMPLEMENTATIONS = YES;
				CLANG_WARN_DIRECT_OBJC_ISA_USAGE = YES_ERROR;
				CLANG_WARN_DOCUMENTATION_COMMENTS = YES;
				CLANG_WARN_EMPTY_BODY = YES;
				CLANG_WARN_ENUM_CONVERSION = YES;
				CLANG_WARN_INFINITE_RECURSION = YES;
				CLANG_WARN_INT_CONVERSION = YES;
				CLANG_WARN_NON_LITERAL_NULL_CONVERSION = YES;
				CLANG_WARN_OBJC_IMPLICIT_RETAIN_SELF = YES;
				CLANG_WARN_OBJC_LITERAL_CONVERSION = YES;
				CLANG_WARN_OBJC_ROOT_CLASS = YES_ERROR;
				CLANG_WARN_QUOTED_INCLUDE_IN_FRAMEWORK_HEADER = YES;
				CLANG_WARN_RANGE_LOOP_ANALYSIS = YES;
				CLANG_WARN_STRICT_PROTOTYPES = YES;
				CLANG_WARN_SUSPICIOUS_MOVE = YES;
				CLANG_WARN_UNGUARDED_AVAILABILITY = YES_AGGRESSIVE;
				CLANG_WARN_UNREACHABLE_CODE = YES;
				CLANG_WARN__DUPLICATE_METHOD_MATCH = YES;
				COPY_PHASE_STRIP = NO;
				DEBUG_INFORMATION_FORMAT = dwarf;
				ENABLE_STRICT_OBJC_MSGSEND = YES;
				ENABLE_TESTABILITY = YES;
				GCC_C_LANGUAGE_STANDARD = gnu11;
				GCC_DYNAMIC_NO_PIC = NO;
				GCC_NO_COMMON_BLOCKS = YES;
				GCC_OPTIMIZATION_LEVEL = 0;
				GCC_PREPROCESSOR_DEFINITIONS = (
					"DEBUG=1",
					"$(inherited)",
				);
				GCC_WARN_64_TO_32_BIT_CONVERSION = YES;
				GCC_WARN_ABOUT_RETURN_TYPE = YES_ERROR;
				GCC_WARN_UNDECLARED_SELECTOR = YES;
				GCC_WARN_UNINITIALIZED_AUTOS = YES_AGGRESSIVE;
				GCC_WARN_UNUSED_FUNCTION = YES;
				GCC_WARN_UNUSED_VARIABLE = YES;
				IPHONEOS_DEPLOYMENT_TARGET = 15.2;
				MTL_ENABLE_DEBUG_INFO = INCLUDE_SOURCE;
				MTL_FAST_MATH = YES;
				ONLY_ACTIVE_ARCH = YES;
				SDKROOT = iphoneos;
				SWIFT_ACTIVE_COMPILATION_CONDITIONS = DEBUG;
				SWIFT_OPTIMIZATION_LEVEL = "-Onone";
			};
			name = Debug;
		};
		34BD41842836EBF300EE59BF /* Release */ = {
			isa = XCBuildConfiguration;
			buildSettings = {
				ALWAYS_SEARCH_USER_PATHS = NO;
				CLANG_ANALYZER_NONNULL = YES;
				CLANG_ANALYZER_NUMBER_OBJECT_CONVERSION = YES_AGGRESSIVE;
				CLANG_CXX_LANGUAGE_STANDARD = "gnu++17";
				CLANG_CXX_LIBRARY = "libc++";
				CLANG_ENABLE_MODULES = YES;
				CLANG_ENABLE_OBJC_ARC = YES;
				CLANG_ENABLE_OBJC_WEAK = YES;
				CLANG_WARN_BLOCK_CAPTURE_AUTORELEASING = YES;
				CLANG_WARN_BOOL_CONVERSION = YES;
				CLANG_WARN_COMMA = YES;
				CLANG_WARN_CONSTANT_CONVERSION = YES;
				CLANG_WARN_DEPRECATED_OBJC_IMPLEMENTATIONS = YES;
				CLANG_WARN_DIRECT_OBJC_ISA_USAGE = YES_ERROR;
				CLANG_WARN_DOCUMENTATION_COMMENTS = YES;
				CLANG_WARN_EMPTY_BODY = YES;
				CLANG_WARN_ENUM_CONVERSION = YES;
				CLANG_WARN_INFINITE_RECURSION = YES;
				CLANG_WARN_INT_CONVERSION = YES;
				CLANG_WARN_NON_LITERAL_NULL_CONVERSION = YES;
				CLANG_WARN_OBJC_IMPLICIT_RETAIN_SELF = YES;
				CLANG_WARN_OBJC_LITERAL_CONVERSION = YES;
				CLANG_WARN_OBJC_ROOT_CLASS = YES_ERROR;
				CLANG_WARN_QUOTED_INCLUDE_IN_FRAMEWORK_HEADER = YES;
				CLANG_WARN_RANGE_LOOP_ANALYSIS = YES;
				CLANG_WARN_STRICT_PROTOTYPES = YES;
				CLANG_WARN_SUSPICIOUS_MOVE = YES;
				CLANG_WARN_UNGUARDED_AVAILABILITY = YES_AGGRESSIVE;
				CLANG_WARN_UNREACHABLE_CODE = YES;
				CLANG_WARN__DUPLICATE_METHOD_MATCH = YES;
				COPY_PHASE_STRIP = NO;
				DEBUG_INFORMATION_FORMAT = "dwarf-with-dsym";
				ENABLE_NS_ASSERTIONS = NO;
				ENABLE_STRICT_OBJC_MSGSEND = YES;
				GCC_C_LANGUAGE_STANDARD = gnu11;
				GCC_NO_COMMON_BLOCKS = YES;
				GCC_WARN_64_TO_32_BIT_CONVERSION = YES;
				GCC_WARN_ABOUT_RETURN_TYPE = YES_ERROR;
				GCC_WARN_UNDECLARED_SELECTOR = YES;
				GCC_WARN_UNINITIALIZED_AUTOS = YES_AGGRESSIVE;
				GCC_WARN_UNUSED_FUNCTION = YES;
				GCC_WARN_UNUSED_VARIABLE = YES;
				IPHONEOS_DEPLOYMENT_TARGET = 15.2;
				MTL_ENABLE_DEBUG_INFO = NO;
				MTL_FAST_MATH = YES;
				SDKROOT = iphoneos;
				SWIFT_COMPILATION_MODE = wholemodule;
				SWIFT_OPTIMIZATION_LEVEL = "-O";
				VALIDATE_PRODUCT = YES;
			};
			name = Release;
		};
		34BD41862836EBF300EE59BF /* Debug */ = {
			isa = XCBuildConfiguration;
			buildSettings = {
				ASSETCATALOG_COMPILER_APPICON_NAME = AppIcon;
				ASSETCATALOG_COMPILER_GLOBAL_ACCENT_COLOR_NAME = AccentColor;
				CODE_SIGN_STYLE = Automatic;
				CURRENT_PROJECT_VERSION = 1;
				DEVELOPMENT_TEAM = LUJTXX6P66;
				GENERATE_INFOPLIST_FILE = YES;
				INFOPLIST_FILE = Netology_IB_Instruments/Info.plist;
				INFOPLIST_KEY_UIApplicationSupportsIndirectInputEvents = YES;
				INFOPLIST_KEY_UILaunchStoryboardName = LaunchScreen;
				INFOPLIST_KEY_UIMainStoryboardFile = Profile;
				INFOPLIST_KEY_UISupportedInterfaceOrientations_iPad = "UIInterfaceOrientationPortrait UIInterfaceOrientationPortraitUpsideDown UIInterfaceOrientationLandscapeLeft UIInterfaceOrientationLandscapeRight";
				INFOPLIST_KEY_UISupportedInterfaceOrientations_iPhone = "UIInterfaceOrientationPortrait UIInterfaceOrientationLandscapeLeft UIInterfaceOrientationLandscapeRight";
				LD_RUNPATH_SEARCH_PATHS = (
					"$(inherited)",
					"@executable_path/Frameworks",
				);
				MARKETING_VERSION = 1.0;
				PRODUCT_BUNDLE_IDENTIFIER = "-.Netology-IB-Instruments";
				PRODUCT_NAME = "$(TARGET_NAME)";
				SWIFT_EMIT_LOC_STRINGS = YES;
				SWIFT_VERSION = 5.0;
				TARGETED_DEVICE_FAMILY = "1,2";
			};
			name = Debug;
		};
		34BD41872836EBF300EE59BF /* Release */ = {
			isa = XCBuildConfiguration;
			buildSettings = {
				ASSETCATALOG_COMPILER_APPICON_NAME = AppIcon;
				ASSETCATALOG_COMPILER_GLOBAL_ACCENT_COLOR_NAME = AccentColor;
				CODE_SIGN_STYLE = Automatic;
				CURRENT_PROJECT_VERSION = 1;
				DEVELOPMENT_TEAM = LUJTXX6P66;
				GENERATE_INFOPLIST_FILE = YES;
				INFOPLIST_FILE = Netology_IB_Instruments/Info.plist;
				INFOPLIST_KEY_UIApplicationSupportsIndirectInputEvents = YES;
				INFOPLIST_KEY_UILaunchStoryboardName = LaunchScreen;
				INFOPLIST_KEY_UIMainStoryboardFile = Profile;
				INFOPLIST_KEY_UISupportedInterfaceOrientations_iPad = "UIInterfaceOrientationPortrait UIInterfaceOrientationPortraitUpsideDown UIInterfaceOrientationLandscapeLeft UIInterfaceOrientationLandscapeRight";
				INFOPLIST_KEY_UISupportedInterfaceOrientations_iPhone = "UIInterfaceOrientationPortrait UIInterfaceOrientationLandscapeLeft UIInterfaceOrientationLandscapeRight";
				LD_RUNPATH_SEARCH_PATHS = (
					"$(inherited)",
					"@executable_path/Frameworks",
				);
				MARKETING_VERSION = 1.0;
				PRODUCT_BUNDLE_IDENTIFIER = "-.Netology-IB-Instruments";
				PRODUCT_NAME = "$(TARGET_NAME)";
				SWIFT_EMIT_LOC_STRINGS = YES;
				SWIFT_VERSION = 5.0;
				TARGETED_DEVICE_FAMILY = "1,2";
			};
			name = Release;
		};
/* End XCBuildConfiguration section */

/* Begin XCConfigurationList section */
		34BD416C2836EBF200EE59BF /* Build configuration list for PBXProject "Netology_IB_Instruments" */ = {
			isa = XCConfigurationList;
			buildConfigurations = (
				34BD41832836EBF300EE59BF /* Debug */,
				34BD41842836EBF300EE59BF /* Release */,
			);
			defaultConfigurationIsVisible = 0;
			defaultConfigurationName = Release;
		};
		34BD41852836EBF300EE59BF /* Build configuration list for PBXNativeTarget "Netology_IB_Instruments" */ = {
			isa = XCConfigurationList;
			buildConfigurations = (
				34BD41862836EBF300EE59BF /* Debug */,
				34BD41872836EBF300EE59BF /* Release */,
			);
			defaultConfigurationIsVisible = 0;
			defaultConfigurationName = Release;
		};
/* End XCConfigurationList section */
	};
	rootObject = 34BD41692836EBF200EE59BF /* Project object */;
}
